{
  "originHash" : "f0e1891973fca9a3bb3c6d978a494e699fc6db76ffad301330c57c114f169245",
  "pins" : [
    {
      "identity" : "firebase-ios-sdk",
      "kind" : "remoteSourceControl",
      "location" : "https://github.com/firebase/firebase-ios-sdk.git",
      "state" : {
        "revision" : "346daa9f46316aa372b35b317e18224acc2e9063",
        "version" : "12.18.0"
      }
    }
  ],
  "version" : 3
}
